
Microsoft Visual Studio Solution File, Format Version 12.00
# Visual Studio Version 17
VisualStudioVersion = 17.9.34701.34
MinimumVisualStudioVersion = 10.0.40219.1
Project("{FAE04EC0-301F-11D3-BF4B-00C04F79EFBC}") = "TuringSolutions.WebFileUploadFacade", "TuringSolutions.WebFileUploadFacade\TuringSolutions.WebFileUploadFacade.csproj", "{C014878E-1814-49E9-AF9A-9F3A38B8843C}"
EndProject
Global
	GlobalSection(SolutionConfigurationPlatforms) = preSolution
		Debug|Any CPU = Debug|Any CPU
		Release|Any CPU = Release|Any CPU
	EndGlobalSection
	GlobalSection(ProjectConfigurationPlatforms) = postSolution
		{C014878E-1814-49E9-AF9A-9F3A38B8843C}.Debug|Any CPU.ActiveCfg = Debug|Any CPU
		{C014878E-1814-49E9-AF9A-9F3A38B8843C}.Debug|Any CPU.Build.0 = Debug|Any CPU
		{C014878E-1814-49E9-AF9A-9F3A38B8843C}.Release|Any CPU.ActiveCfg = Release|Any CPU
		{C014878E-1814-49E9-AF9A-9F3A38B8843C}.Release|Any CPU.Build.0 = Release|Any CPU
	EndGlobalSection
	GlobalSection(SolutionProperties) = preSolution
		HideSolutionNode = FALSE
	EndGlobalSection
	GlobalSection(ExtensibilityGlobals) = postSolution
		SolutionGuid = {1E81052C-75C5-4369-A8CA-916A761E2E2B}
	EndGlobalSection
EndGlobal
